
Microsoft Visual Studio Solution File, Format Version 12.00
# Visual Studio Version 17
VisualStudioVersion = 17.13.35617.110 d17.13
MinimumVisualStudioVersion = 10.0.40219.1
Project("{FAE04EC0-301F-11D3-BF4B-00C04F79EFBC}") = "WOS476", "WOS476\WOS476.csproj", "{9BC01CE5-217A-4747-BB4B-1CDD9B5D3992}"
EndProject
Global
	GlobalSection(SolutionConfigurationPlatforms) = preSolution
		Debug|Any CPU = Debug|Any CPU
		Release|Any CPU = Release|Any CPU
	EndGlobalSection
	GlobalSection(ProjectConfigurationPlatforms) = postSolution
		{9BC01CE5-217A-4747-BB4B-1CDD9B5D3992}.Debug|Any CPU.ActiveCfg = Debug|Any CPU
		{9BC01CE5-217A-4747-BB4B-1CDD9B5D3992}.Debug|Any CPU.Build.0 = Debug|Any CPU
		{9BC01CE5-217A-4747-BB4B-1CDD9B5D3992}.Release|Any CPU.ActiveCfg = Release|Any CPU
		{9BC01CE5-217A-4747-BB4B-1CDD9B5D3992}.Release|Any CPU.Build.0 = Release|Any CPU
	EndGlobalSection
	GlobalSection(SolutionProperties) = preSolution
		HideSolutionNode = FALSE
	EndGlobalSection
	GlobalSection(ExtensibilityGlobals) = postSolution
		SolutionGuid = {68D79248-31D6-4935-A61B-FCFDEB51EA77}
	EndGlobalSection
EndGlobal
